
Microsoft Visual Studio Solution File, Format Version 12.00
# Visual Studio Version 17
VisualStudioVersion = 17.13.35931.197 d17.13
MinimumVisualStudioVersion = 10.0.40219.1
Project("{FAE04EC0-301F-11D3-BF4B-00C04F79EFBC}") = "WeSphereService", "WeSphereService\WeSphereService.csproj", "{93245B4F-3147-4AEB-8E20-BA0A0500CAF3}"
EndProject
Global
	GlobalSection(SolutionConfigurationPlatforms) = preSolution
		Debug|Any CPU = Debug|Any CPU
		Release|Any CPU = Release|Any CPU
	EndGlobalSection
	GlobalSection(ProjectConfigurationPlatforms) = postSolution
		{93245B4F-3147-4AEB-8E20-BA0A0500CAF3}.Debug|Any CPU.ActiveCfg = Debug|Any CPU
		{93245B4F-3147-4AEB-8E20-BA0A0500CAF3}.Debug|Any CPU.Build.0 = Debug|Any CPU
		{93245B4F-3147-4AEB-8E20-BA0A0500CAF3}.Release|Any CPU.ActiveCfg = Release|Any CPU
		{93245B4F-3147-4AEB-8E20-BA0A0500CAF3}.Release|Any CPU.Build.0 = Release|Any CPU
	EndGlobalSection
	GlobalSection(SolutionProperties) = preSolution
		HideSolutionNode = FALSE
	EndGlobalSection
	GlobalSection(ExtensibilityGlobals) = postSolution
		SolutionGuid = {B38E2560-8C6E-4204-BDC4-BF56459EB47A}
	EndGlobalSection
EndGlobal
